
Microsoft Visual Studio Solution File, Format Version 12.00
# Visual Studio Version 17
VisualStudioVersion = 17.8.34330.188
MinimumVisualStudioVersion = 10.0.40219.1
Project("{FAE04EC0-301F-11D3-BF4B-00C04F79EFBC}") = "NetworkService", "NetworkService\NetworkService.csproj", "{5F0C490E-4797-4810-9118-39CF3EBAB23F}"
EndProject
Project("{FAE04EC0-301F-11D3-BF4B-00C04F79EFBC}") = "MeteringSimulator", "..\iuis\MeteringSimulator\MeteringSimulator\MeteringSimulator.csproj", "{134D87AD-F428-469F-A98E-5F007EDD241B}"
EndProject
Global
	GlobalSection(SolutionConfigurationPlatforms) = preSolution
		Debug|Any CPU = Debug|Any CPU
		Release|Any CPU = Release|Any CPU
	EndGlobalSection
	GlobalSection(ProjectConfigurationPlatforms) = postSolution
		{5F0C490E-4797-4810-9118-39CF3EBAB23F}.Debug|Any CPU.ActiveCfg = Debug|Any CPU
		{5F0C490E-4797-4810-9118-39CF3EBAB23F}.Debug|Any CPU.Build.0 = Debug|Any CPU
		{5F0C490E-4797-4810-9118-39CF3EBAB23F}.Release|Any CPU.ActiveCfg = Release|Any CPU
		{5F0C490E-4797-4810-9118-39CF3EBAB23F}.Release|Any CPU.Build.0 = Release|Any CPU
		{134D87AD-F428-469F-A98E-5F007EDD241B}.Debug|Any CPU.ActiveCfg = Debug|Any CPU
		{134D87AD-F428-469F-A98E-5F007EDD241B}.Debug|Any CPU.Build.0 = Debug|Any CPU
		{134D87AD-F428-469F-A98E-5F007EDD241B}.Release|Any CPU.ActiveCfg = Release|Any CPU
		{134D87AD-F428-469F-A98E-5F007EDD241B}.Release|Any CPU.Build.0 = Release|Any CPU
	EndGlobalSection
	GlobalSection(SolutionProperties) = preSolution
		HideSolutionNode = FALSE
	EndGlobalSection
	GlobalSection(ExtensibilityGlobals) = postSolution
		SolutionGuid = {730924B6-4F5D-4B8B-A863-17264650C9AE}
	EndGlobalSection
EndGlobal
